
Microsoft Visual Studio Solution File, Format Version 12.00
Project("{FAE04EC0-301F-11D3-BF4B-00C04F79EFBC}") = "ThaudalAPI", "ThaudalAPI\ThaudalAPI.csproj", "{267FD3F6-AEDA-4818-8F82-948037F491D4}"
EndProject
Project("{2150E333-8FDC-42A3-9474-1A3956D46DE8}") = "Tests", "Tests", "{FC89A14C-2056-46C3-BB4B-90DFBF07D630}"
EndProject
Project("{2150E333-8FDC-42A3-9474-1A3956D46DE8}") = "Modules", "Modules", "{8809556D-AC11-4B9D-9F5B-095E3FFFF0E2}"
EndProject
Project("{FAE04EC0-301F-11D3-BF4B-00C04F79EFBC}") = "TodoService", "Modules\TodoService\TodoService.csproj", "{9A692C18-47A1-4811-8DBE-5F7CDABBF84E}"
EndProject
Project("{FAE04EC0-301F-11D3-BF4B-00C04F79EFBC}") = "DayOfWeekTest", "Tests\DayOfWeekTest\DayOfWeekTest.csproj", "{1F08282A-61A7-456A-83CD-8E6D2389528D}"
EndProject
Global
	GlobalSection(SolutionConfigurationPlatforms) = preSolution
		Debug|Any CPU = Debug|Any CPU
		Release|Any CPU = Release|Any CPU
	EndGlobalSection
	GlobalSection(ProjectConfigurationPlatforms) = postSolution
		{267FD3F6-AEDA-4818-8F82-948037F491D4}.Debug|Any CPU.ActiveCfg = Debug|Any CPU
		{267FD3F6-AEDA-4818-8F82-948037F491D4}.Debug|Any CPU.Build.0 = Debug|Any CPU
		{267FD3F6-AEDA-4818-8F82-948037F491D4}.Release|Any CPU.ActiveCfg = Release|Any CPU
		{267FD3F6-AEDA-4818-8F82-948037F491D4}.Release|Any CPU.Build.0 = Release|Any CPU
		{9A692C18-47A1-4811-8DBE-5F7CDABBF84E}.Debug|Any CPU.ActiveCfg = Debug|Any CPU
		{9A692C18-47A1-4811-8DBE-5F7CDABBF84E}.Debug|Any CPU.Build.0 = Debug|Any CPU
		{9A692C18-47A1-4811-8DBE-5F7CDABBF84E}.Release|Any CPU.ActiveCfg = Release|Any CPU
		{9A692C18-47A1-4811-8DBE-5F7CDABBF84E}.Release|Any CPU.Build.0 = Release|Any CPU
		{1F08282A-61A7-456A-83CD-8E6D2389528D}.Debug|Any CPU.ActiveCfg = Debug|Any CPU
		{1F08282A-61A7-456A-83CD-8E6D2389528D}.Debug|Any CPU.Build.0 = Debug|Any CPU
		{1F08282A-61A7-456A-83CD-8E6D2389528D}.Release|Any CPU.ActiveCfg = Release|Any CPU
		{1F08282A-61A7-456A-83CD-8E6D2389528D}.Release|Any CPU.Build.0 = Release|Any CPU
	EndGlobalSection
	GlobalSection(NestedProjects) = preSolution
		{9A692C18-47A1-4811-8DBE-5F7CDABBF84E} = {8809556D-AC11-4B9D-9F5B-095E3FFFF0E2}
		{1F08282A-61A7-456A-83CD-8E6D2389528D} = {FC89A14C-2056-46C3-BB4B-90DFBF07D630}
	EndGlobalSection
EndGlobal
